
Microsoft Visual Studio Solution File, Format Version 12.00
# Visual Studio Version 17
VisualStudioVersion = 17.0.31903.59
MinimumVisualStudioVersion = 10.0.40219.1
Project("{2150E333-8FDC-42A3-9474-1A3956D46DE8}") = "src", "src", "{891E4CF9-0B84-4700-8909-B31732A0B58A}"
EndProject
Project("{FAE04EC0-301F-11D3-BF4B-00C04F79EFBC}") = "DbCodeGen.Core", "src\DbCodeGen.Core\DbCodeGen.Core.csproj", "{9251F591-460D-491F-9A0F-FC9A84844918}"
EndProject
Project("{FAE04EC0-301F-11D3-BF4B-00C04F79EFBC}") = "DbCodeGen.App", "src\DbCodeGen.App\DbCodeGen.App.csproj", "{FD54E6B3-9F42-4EC8-A99B-8E0CF61456D7}"
EndProject
Project("{2150E333-8FDC-42A3-9474-1A3956D46DE8}") = "test", "test", "{2A488555-5BCB-4340-8DCD-767A019FF4C6}"
EndProject
Project("{FAE04EC0-301F-11D3-BF4B-00C04F79EFBC}") = "DbCodeGen.Core.Tests", "test\DbCodeGen.Core.Tests\DbCodeGen.Core.Tests.csproj", "{DF41587A-ACCD-44A3-BA61-D541CF7C3BC5}"
EndProject
Global
	GlobalSection(SolutionConfigurationPlatforms) = preSolution
		Debug|Any CPU = Debug|Any CPU
		Release|Any CPU = Release|Any CPU
	EndGlobalSection
	GlobalSection(SolutionProperties) = preSolution
		HideSolutionNode = FALSE
	EndGlobalSection
	GlobalSection(ProjectConfigurationPlatforms) = postSolution
		{9251F591-460D-491F-9A0F-FC9A84844918}.Debug|Any CPU.ActiveCfg = Debug|Any CPU
		{9251F591-460D-491F-9A0F-FC9A84844918}.Debug|Any CPU.Build.0 = Debug|Any CPU
		{9251F591-460D-491F-9A0F-FC9A84844918}.Release|Any CPU.ActiveCfg = Release|Any CPU
		{9251F591-460D-491F-9A0F-FC9A84844918}.Release|Any CPU.Build.0 = Release|Any CPU
		{FD54E6B3-9F42-4EC8-A99B-8E0CF61456D7}.Debug|Any CPU.ActiveCfg = Debug|Any CPU
		{FD54E6B3-9F42-4EC8-A99B-8E0CF61456D7}.Debug|Any CPU.Build.0 = Debug|Any CPU
		{FD54E6B3-9F42-4EC8-A99B-8E0CF61456D7}.Release|Any CPU.ActiveCfg = Release|Any CPU
		{FD54E6B3-9F42-4EC8-A99B-8E0CF61456D7}.Release|Any CPU.Build.0 = Release|Any CPU
		{DF41587A-ACCD-44A3-BA61-D541CF7C3BC5}.Debug|Any CPU.ActiveCfg = Debug|Any CPU
		{DF41587A-ACCD-44A3-BA61-D541CF7C3BC5}.Debug|Any CPU.Build.0 = Debug|Any CPU
		{DF41587A-ACCD-44A3-BA61-D541CF7C3BC5}.Release|Any CPU.ActiveCfg = Release|Any CPU
		{DF41587A-ACCD-44A3-BA61-D541CF7C3BC5}.Release|Any CPU.Build.0 = Release|Any CPU
	EndGlobalSection
	GlobalSection(NestedProjects) = preSolution
		{9251F591-460D-491F-9A0F-FC9A84844918} = {891E4CF9-0B84-4700-8909-B31732A0B58A}
		{FD54E6B3-9F42-4EC8-A99B-8E0CF61456D7} = {891E4CF9-0B84-4700-8909-B31732A0B58A}
		{DF41587A-ACCD-44A3-BA61-D541CF7C3BC5} = {2A488555-5BCB-4340-8DCD-767A019FF4C6}
	EndGlobalSection
EndGlobal
